
Microsoft Visual Studio Solution File, Format Version 12.00
# Visual Studio Version 17
VisualStudioVersion = 17.0.31903.59
MinimumVisualStudioVersion = 10.0.40219.1
Project("{2150E333-8FDC-42A3-9474-1A3956D46DE8}") = "src", "src", "{E8FC8161-A735-44A9-B36E-7B066CB4DEE9}"
EndProject
Project("{FAE04EC0-301F-11D3-BF4B-00C04F79EFBC}") = "GameClubManager.Server", "src\GameClubManager.Server\GameClubManager.Server.csproj", "{1B8CD935-08E3-4CD0-8791-923916A85E5A}"
EndProject
Project("{FAE04EC0-301F-11D3-BF4B-00C04F79EFBC}") = "GameClubManager.Admin", "src\GameClubManager.Admin\GameClubManager.Admin.csproj", "{495AB503-1B03-41B3-B162-0D8D46703C7E}"
EndProject
Project("{FAE04EC0-301F-11D3-BF4B-00C04F79EFBC}") = "GameClubManager.Agent", "src\GameClubManager.Agent\GameClubManager.Agent.csproj", "{F32FC986-B535-47B2-9EEC-9B2807EDFBF3}"
EndProject
Project("{FAE04EC0-301F-11D3-BF4B-00C04F79EFBC}") = "GameClubManager.Shared", "src\GameClubManager.Shared\GameClubManager.Shared.csproj", "{DC3B5396-B4B4-46CC-98A1-E02133186527}"
EndProject
Project("{FAE04EC0-301F-11D3-BF4B-00C04F79EFBC}") = "GameClubManager.Client", "src\GameClubManager.Client\GameClubManager.Client.csproj", "{4356936E-B805-4C60-8A1C-9696F24B4B35}"
EndProject
Global
	GlobalSection(SolutionConfigurationPlatforms) = preSolution
		Debug|Any CPU = Debug|Any CPU
		Release|Any CPU = Release|Any CPU
	EndGlobalSection
	GlobalSection(SolutionProperties) = preSolution
		HideSolutionNode = FALSE
	EndGlobalSection
	GlobalSection(ProjectConfigurationPlatforms) = postSolution
		{1B8CD935-08E3-4CD0-8791-923916A85E5A}.Debug|Any CPU.ActiveCfg = Debug|Any CPU
		{1B8CD935-08E3-4CD0-8791-923916A85E5A}.Debug|Any CPU.Build.0 = Debug|Any CPU
		{1B8CD935-08E3-4CD0-8791-923916A85E5A}.Release|Any CPU.ActiveCfg = Release|Any CPU
		{1B8CD935-08E3-4CD0-8791-923916A85E5A}.Release|Any CPU.Build.0 = Release|Any CPU
		{495AB503-1B03-41B3-B162-0D8D46703C7E}.Debug|Any CPU.ActiveCfg = Debug|Any CPU
		{495AB503-1B03-41B3-B162-0D8D46703C7E}.Debug|Any CPU.Build.0 = Debug|Any CPU
		{495AB503-1B03-41B3-B162-0D8D46703C7E}.Release|Any CPU.ActiveCfg = Release|Any CPU
		{495AB503-1B03-41B3-B162-0D8D46703C7E}.Release|Any CPU.Build.0 = Release|Any CPU
		{F32FC986-B535-47B2-9EEC-9B2807EDFBF3}.Debug|Any CPU.ActiveCfg = Debug|Any CPU
		{F32FC986-B535-47B2-9EEC-9B2807EDFBF3}.Debug|Any CPU.Build.0 = Debug|Any CPU
		{F32FC986-B535-47B2-9EEC-9B2807EDFBF3}.Release|Any CPU.ActiveCfg = Release|Any CPU
		{F32FC986-B535-47B2-9EEC-9B2807EDFBF3}.Release|Any CPU.Build.0 = Release|Any CPU
		{DC3B5396-B4B4-46CC-98A1-E02133186527}.Debug|Any CPU.ActiveCfg = Debug|Any CPU
		{DC3B5396-B4B4-46CC-98A1-E02133186527}.Debug|Any CPU.Build.0 = Debug|Any CPU
		{DC3B5396-B4B4-46CC-98A1-E02133186527}.Release|Any CPU.ActiveCfg = Release|Any CPU
		{DC3B5396-B4B4-46CC-98A1-E02133186527}.Release|Any CPU.Build.0 = Release|Any CPU
		{4356936E-B805-4C60-8A1C-9696F24B4B35}.Debug|Any CPU.ActiveCfg = Debug|Any CPU
		{4356936E-B805-4C60-8A1C-9696F24B4B35}.Debug|Any CPU.Build.0 = Debug|Any CPU
		{4356936E-B805-4C60-8A1C-9696F24B4B35}.Release|Any CPU.ActiveCfg = Release|Any CPU
		{4356936E-B805-4C60-8A1C-9696F24B4B35}.Release|Any CPU.Build.0 = Release|Any CPU
	EndGlobalSection
	GlobalSection(NestedProjects) = preSolution
		{1B8CD935-08E3-4CD0-8791-923916A85E5A} = {E8FC8161-A735-44A9-B36E-7B066CB4DEE9}
		{495AB503-1B03-41B3-B162-0D8D46703C7E} = {E8FC8161-A735-44A9-B36E-7B066CB4DEE9}
		{F32FC986-B535-47B2-9EEC-9B2807EDFBF3} = {E8FC8161-A735-44A9-B36E-7B066CB4DEE9}
		{DC3B5396-B4B4-46CC-98A1-E02133186527} = {E8FC8161-A735-44A9-B36E-7B066CB4DEE9}
		{4356936E-B805-4C60-8A1C-9696F24B4B35} = {E8FC8161-A735-44A9-B36E-7B066CB4DEE9}
	EndGlobalSection
EndGlobal
